
Microsoft Visual Studio Solution File, Format Version 12.00
# Visual Studio Version 17
VisualStudioVersion = 17.5.002.0
MinimumVisualStudioVersion = 10.0.40219.1
Project("{9A19103F-16F7-4668-BE54-9A1E7A4F7556}") = "WatsonXAPI", "WatsonXAPI.csproj", "{2357990E-8EDB-4372-A47B-D8A9D366BBB7}"
EndProject
Global
	GlobalSection(SolutionConfigurationPlatforms) = preSolution
		Debug|Any CPU = Debug|Any CPU
		Release|Any CPU = Release|Any CPU
	EndGlobalSection
	GlobalSection(ProjectConfigurationPlatforms) = postSolution
		{2357990E-8EDB-4372-A47B-D8A9D366BBB7}.Debug|Any CPU.ActiveCfg = Debug|Any CPU
		{2357990E-8EDB-4372-A47B-D8A9D366BBB7}.Debug|Any CPU.Build.0 = Debug|Any CPU
		{2357990E-8EDB-4372-A47B-D8A9D366BBB7}.Release|Any CPU.ActiveCfg = Release|Any CPU
		{2357990E-8EDB-4372-A47B-D8A9D366BBB7}.Release|Any CPU.Build.0 = Release|Any CPU
	EndGlobalSection
	GlobalSection(SolutionProperties) = preSolution
		HideSolutionNode = FALSE
	EndGlobalSection
	GlobalSection(ExtensibilityGlobals) = postSolution
		SolutionGuid = {4FE21772-4E4A-4E78-9377-653D297C1730}
	EndGlobalSection
EndGlobal
